
Microsoft Visual Studio Solution File, Format Version 12.00
# Visual Studio 15
VisualStudioVersion = 15.0.27703.2035
MinimumVisualStudioVersion = 10.0.40219.1
Project("{9A19103F-16F7-4668-BE54-9A1E7A4F7556}") = "SJNScaffolding", "SJNScaffolding\SJNScaffolding.csproj", "{571E3343-7861-4A39-98C5-F6F1ECA1A91C}"
EndProject
Project("{9A19103F-16F7-4668-BE54-9A1E7A4F7556}") = "SJNScaffolding.RazorPage", "SJNScaffolding.RazorPage\SJNScaffolding.RazorPage.csproj", "{0C7EC0DF-4DD7-4075-A263-C91ABCEE888A}"
EndProject
Global
	GlobalSection(SolutionConfigurationPlatforms) = preSolution
		Debug|Any CPU = Debug|Any CPU
		Release|Any CPU = Release|Any CPU
	EndGlobalSection
	GlobalSection(ProjectConfigurationPlatforms) = postSolution
		{571E3343-7861-4A39-98C5-F6F1ECA1A91C}.Debug|Any CPU.ActiveCfg = Debug|Any CPU
		{571E3343-7861-4A39-98C5-F6F1ECA1A91C}.Debug|Any CPU.Build.0 = Debug|Any CPU
		{571E3343-7861-4A39-98C5-F6F1ECA1A91C}.Release|Any CPU.ActiveCfg = Release|Any CPU
		{571E3343-7861-4A39-98C5-F6F1ECA1A91C}.Release|Any CPU.Build.0 = Release|Any CPU
		{0C7EC0DF-4DD7-4075-A263-C91ABCEE888A}.Debug|Any CPU.ActiveCfg = Debug|Any CPU
		{0C7EC0DF-4DD7-4075-A263-C91ABCEE888A}.Debug|Any CPU.Build.0 = Debug|Any CPU
		{0C7EC0DF-4DD7-4075-A263-C91ABCEE888A}.Release|Any CPU.ActiveCfg = Release|Any CPU
		{0C7EC0DF-4DD7-4075-A263-C91ABCEE888A}.Release|Any CPU.Build.0 = Release|Any CPU
	EndGlobalSection
	GlobalSection(SolutionProperties) = preSolution
		HideSolutionNode = FALSE
	EndGlobalSection
	GlobalSection(ExtensibilityGlobals) = postSolution
		SolutionGuid = {0C27C6E0-4D94-40B0-858C-4ADB9DA547B4}
	EndGlobalSection
EndGlobal
